
Microsoft Visual Studio Solution File, Format Version 12.00
# Visual Studio Version 16
VisualStudioVersion = 16.0.31205.134
MinimumVisualStudioVersion = 10.0.40219.1
Project("{FAE04EC0-301F-11D3-BF4B-00C04F79EFBC}") = "BeginingBlazor", "BeginingBlazor\BeginingBlazor.csproj", "{32CC87A5-2189-4842-8190-2743F1EFEEE0}"
EndProject
Global
	GlobalSection(SolutionConfigurationPlatforms) = preSolution
		Debug|Any CPU = Debug|Any CPU
		Release|Any CPU = Release|Any CPU
	EndGlobalSection
	GlobalSection(ProjectConfigurationPlatforms) = postSolution
		{32CC87A5-2189-4842-8190-2743F1EFEEE0}.Debug|Any CPU.ActiveCfg = Debug|Any CPU
		{32CC87A5-2189-4842-8190-2743F1EFEEE0}.Debug|Any CPU.Build.0 = Debug|Any CPU
		{32CC87A5-2189-4842-8190-2743F1EFEEE0}.Release|Any CPU.ActiveCfg = Release|Any CPU
		{32CC87A5-2189-4842-8190-2743F1EFEEE0}.Release|Any CPU.Build.0 = Release|Any CPU
	EndGlobalSection
	GlobalSection(SolutionProperties) = preSolution
		HideSolutionNode = FALSE
	EndGlobalSection
	GlobalSection(ExtensibilityGlobals) = postSolution
		SolutionGuid = {1870D876-CE63-40C7-BEDB-AB125D2B367C}
	EndGlobalSection
EndGlobal
