
Microsoft Visual Studio Solution File, Format Version 12.00
# Visual Studio Version 16
VisualStudioVersion = 16.0.31424.327
MinimumVisualStudioVersion = 10.0.40219.1
Project("{FAE04EC0-301F-11D3-BF4B-00C04F79EFBC}") = "Session18.ViewComponentSample", "Session18.ViewComponentSample\Session18.ViewComponentSample.csproj", "{AC71BB53-D282-4780-882D-EC2869B95F45}"
EndProject
Global
	GlobalSection(SolutionConfigurationPlatforms) = preSolution
		Debug|Any CPU = Debug|Any CPU
		Release|Any CPU = Release|Any CPU
	EndGlobalSection
	GlobalSection(ProjectConfigurationPlatforms) = postSolution
		{AC71BB53-D282-4780-882D-EC2869B95F45}.Debug|Any CPU.ActiveCfg = Debug|Any CPU
		{AC71BB53-D282-4780-882D-EC2869B95F45}.Debug|Any CPU.Build.0 = Debug|Any CPU
		{AC71BB53-D282-4780-882D-EC2869B95F45}.Release|Any CPU.ActiveCfg = Release|Any CPU
		{AC71BB53-D282-4780-882D-EC2869B95F45}.Release|Any CPU.Build.0 = Release|Any CPU
	EndGlobalSection
	GlobalSection(SolutionProperties) = preSolution
		HideSolutionNode = FALSE
	EndGlobalSection
	GlobalSection(ExtensibilityGlobals) = postSolution
		SolutionGuid = {7231873C-29B3-4EBA-9503-F738DC1F9A22}
	EndGlobalSection
EndGlobal
