
Microsoft Visual Studio Solution File, Format Version 12.00
# Visual Studio Version 16
VisualStudioVersion = 16.0.31205.134
MinimumVisualStudioVersion = 10.0.40219.1
Project("{FAE04EC0-301F-11D3-BF4B-00C04F79EFBC}") = "Session14.HttpClientSamples", "Session14.HttpClientSamples\Session14.HttpClientSamples.csproj", "{CD0E4A9C-263C-485D-BC9D-573791D1FB6F}"
EndProject
Global
	GlobalSection(SolutionConfigurationPlatforms) = preSolution
		Debug|Any CPU = Debug|Any CPU
		Release|Any CPU = Release|Any CPU
	EndGlobalSection
	GlobalSection(ProjectConfigurationPlatforms) = postSolution
		{CD0E4A9C-263C-485D-BC9D-573791D1FB6F}.Debug|Any CPU.ActiveCfg = Debug|Any CPU
		{CD0E4A9C-263C-485D-BC9D-573791D1FB6F}.Debug|Any CPU.Build.0 = Debug|Any CPU
		{CD0E4A9C-263C-485D-BC9D-573791D1FB6F}.Release|Any CPU.ActiveCfg = Release|Any CPU
		{CD0E4A9C-263C-485D-BC9D-573791D1FB6F}.Release|Any CPU.Build.0 = Release|Any CPU
	EndGlobalSection
	GlobalSection(SolutionProperties) = preSolution
		HideSolutionNode = FALSE
	EndGlobalSection
	GlobalSection(ExtensibilityGlobals) = postSolution
		SolutionGuid = {8EE37A61-3A6D-404A-85EF-94F2ED172AD9}
	EndGlobalSection
EndGlobal
